
Microsoft Visual Studio Solution File, Format Version 12.00
# Visual Studio Version 16
VisualStudioVersion = 16.0.32602.291
MinimumVisualStudioVersion = 10.0.40219.1
Project("{F184B08F-C81C-45F6-A57F-5ABD9991F28F}") = "APOTEK", "APOTEK\APOTEK.vbproj", "{CC5D0CBF-3B19-4233-9597-8CDCCCAF1C77}"
EndProject
Global
	GlobalSection(SolutionConfigurationPlatforms) = preSolution
		Debug|Any CPU = Debug|Any CPU
		Release|Any CPU = Release|Any CPU
	EndGlobalSection
	GlobalSection(ProjectConfigurationPlatforms) = postSolution
		{CC5D0CBF-3B19-4233-9597-8CDCCCAF1C77}.Debug|Any CPU.ActiveCfg = Debug|Any CPU
		{CC5D0CBF-3B19-4233-9597-8CDCCCAF1C77}.Debug|Any CPU.Build.0 = Debug|Any CPU
		{CC5D0CBF-3B19-4233-9597-8CDCCCAF1C77}.Release|Any CPU.ActiveCfg = Release|Any CPU
		{CC5D0CBF-3B19-4233-9597-8CDCCCAF1C77}.Release|Any CPU.Build.0 = Release|Any CPU
	EndGlobalSection
	GlobalSection(SolutionProperties) = preSolution
		HideSolutionNode = FALSE
	EndGlobalSection
	GlobalSection(ExtensibilityGlobals) = postSolution
		SolutionGuid = {46416C20-791F-444D-BBB7-05F19B4F7909}
	EndGlobalSection
EndGlobal
